{
    "_meta": {
        "hash": {
            "sha256": "c1e2e670ba0a99d6d2a3c9a5462fc00a1134faee507207967158bfa42c554eac"
        },
        "host-environment-markers": {
            "implementation_name": "cpython",
            "implementation_version": "3.6.3",
            "os_name": "posix",
            "platform_machine": "x86_64",
            "platform_python_implementation": "CPython",
            "platform_release": "4.8.0-58-generic",
            "platform_system": "Linux",
            "platform_version": "#63-Ubuntu SMP Mon Jun 26 17:08:21 UTC 2017",
            "python_full_version": "3.6.3",
            "python_version": "3.6",
            "sys_platform": "linux"
        },
        "pipfile-spec": 6,
        "requires": {},
        "sources": [
            {
                "name": "pypi",
                "url": "https://pypi.python.org/simple",
                "verify_ssl": true
            }
        ]
    },
    "default": {
        "amqp": {
            "hashes": [
                "sha256:880fced46b2225af6160950c209ddcbdef849a954935c83d61de89ed75f3d3b7",
                "sha256:7ababb2c28672c2a48b907095bc79104531217a98807751b51e0d8c0fa831aff"
            ],
            "version": "==2.2.1"
        },
        "asgi-redis": {
            "hashes": [
                "sha256:ad724d382617b34c2cae08a8c43eb9999f7e695c11e9c534d28b7db0042b898e",
                "sha256:f1f7a86439d764a6cd6c11d165a500d7287d5447ac8eb4c7b2483456cf3cb383"
            ],
            "version": "==1.4.3"
        },
        "asgiref": {
            "hashes": [
                "sha256:d69847e3164957f4e6da51d2f1192b920c6c7d626bd3fc55f47aa1295702a0ed",
                "sha256:8b46c3d6e2ad354d9da3cfb9873f9bd46fe1b768fbc11065275ba5430a46700c"
            ],
            "version": "==1.1.2"
        },
        "asn1crypto": {
            "hashes": [
                "sha256:2f1adbb7546ed199e3c90ef23ec95c5cf3585bac7d11fb7eb562a3fe89c64e87",
                "sha256:9d5c20441baf0cb60a4ac34cc447c6c189024b6b4c6cd7877034f4965c464e49"
            ],
            "version": "==0.24.0"
        },
        "attrs": {
            "hashes": [
                "sha256:e7d51b70f19a4da5fe6b3c9938983e0af3b91e230edc504bd73c443d98037063",
                "sha256:c78f53e32d7cf36d8597c8a2c7e3c0ad210f97b9509e152e4c37fa80869f823c"
            ],
            "version": "==17.3.0"
        },
        "autobahn": {
            "hashes": [
                "sha256:6a7c535fafaca94b2f02afaa008fd78cbdb610c20b272c0d1a1661d077d903af",
                "sha256:8cf74132a18da149c5ea3dcbb5e055f6f4fe5a0238b33258d29e89bd276a8078"
            ],
            "version": "==17.10.1"
        },
        "automat": {
            "hashes": [
                "sha256:2140297df155f7990f6f4c73b2ab0583bd8150db9ed2a1b48122abe66e9908c1",
                "sha256:3c1fd04ecf08ac87b4dd3feae409542e9bf7827257097b2b6ed5692f69d6f6a8"
            ],
            "version": "==0.6.0"
        },
        "beautifulsoup4": {
            "hashes": [
                "sha256:7015e76bf32f1f574636c4288399a6de66ce08fb7b2457f628a8d70c0fbabb11",
                "sha256:11a9a27b7d3bddc6d86f59fb76afb70e921a25ac2d6cc55b40d072bd68435a76",
                "sha256:808b6ac932dccb0a4126558f7dfdcf41710dd44a4ef497a0bb59a77f9f078e89"
            ],
            "version": "==4.6.0"
        },
        "billiard": {
            "hashes": [
                "sha256:abd9ce008c9a71ccde2c816f8daa36246e92a21e6a799831b887d88277187ecd",
                "sha256:1d7b22bdc47aa52841120fcd22a74ae4fc8c13e9d3935643098184f5788c3ce6"
            ],
            "version": "==3.5.0.3"
        },
        "boto": {
            "hashes": [
                "sha256:13be844158d1bd80a94c972c806ec8381b9ea72035aa06123c5db6bc6a6f3ead",
                "sha256:deb8925b734b109679e3de65856018996338758f4b916ff4fe7bb62b6d7000d1"
            ],
            "version": "==2.48.0"
        },
        "celery": {
            "hashes": [
                "sha256:0e5b7e0d7f03aa02061abfd27aa9da05b6740281ca1f5228a54fbf7fe74d8afa",
                "sha256:e3d5a6c56a73ff8f2ddd4d06dc37f4c2afe4bb4da7928b884d0725ea865ef54d"
            ],
            "version": "==4.0.2"
        },
        "certifi": {
            "hashes": [
                "sha256:54a07c09c586b0e4c619f02a5e94e36619da8e2b053e20f594348c0611803704",
                "sha256:40523d2efb60523e113b44602298f0960e900388cf3bb6043f645cf57ea9e3f5"
            ],
            "version": "==2017.7.27.1"
        },
        "cffi": {
            "hashes": [
                "sha256:2c707e97ad7b0417713543be7cb87315c015bb5dd97903480168d60ebe3e313e",
                "sha256:6d8c7e20eb90be9e1ccce8e8dd4ee5163b37289fc5708f9eeafc00adc07ba891",
                "sha256:627298d788edcb317b6a01347428501e773f5e8f2988407231c07e50e3f6c1cf",
                "sha256:bdd28cf8302eeca1b4c70ec727de384d4f6ea640b0e698934fd9b4c3bc88eeb1",
                "sha256:248198cb714fe09f5c60b6acba3675d52199c6142641536796cdf89dd45e5590",
                "sha256:c962cb68987cbfb70b034f153bfa467c615c0b55305d39b3237c4bdbdbc8b0f4",
                "sha256:401ba2f6c1f1672b6c38670e1c00fa5f84f841edd30c32742dab5c7151cd89bf",
                "sha256:1c103c0ee8235c47c4892288b2287014f33e7cb24b9d4a665be3aa744377dcb9",
                "sha256:d7461ef8671ae40f991384bbc4a6b1b79f4e7175d8052584be44041996f46517",
                "sha256:3ac9be5763238da1d6fa467c43e3f86472626837a478588c94165df09e62e120",
                "sha256:d54a7c37f954fdbb971873c935a77ddc33690cec9b7ac254d9f948c43c32fa83",
                "sha256:4d9bf1b23896bcd4d042e823f50ad36fb6d8e1e645a3dfb2fe2f070851489b92",
                "sha256:61cf049b1c649d8eec360a1a1d09a61c37b9b2d542364506e8feb4afd232363d",
                "sha256:ce3da410ae2ab8709565cc3b18fbe9a0eb96ea7b2189416098c48d839ecced84",
                "sha256:e72d8b5056f967ecb57e166537408bc913f2f97dc568027fb6342fcfa9f81d64",
                "sha256:11a8ba88ef6ae89110ef029dae7f1a293365e50bdd0c6ca973beed80cec95ae4",
                "sha256:974f69112721ba2e8a6acd0f6b68a5e11432710a3eca4e4e6f4d7aaf99214ed1",
                "sha256:062c66dabc3faf8e0db1ca09a6b8e308846e5d35f43bed1a68c492b0d96ac171",
                "sha256:03a9b9efc280dbe6be149a7fa689f59a822df009eee633fdaf55a6f38795861f",
                "sha256:8b3d6dc9981cedfb1ddcd4600ec0c7f5ac2c6ad2dc482011c7eecb4ae9c819e0",
                "sha256:09b7d195d163b515ef7c2b2e26a689c9816c83d5319cceac6c36ffdab97ab048",
                "sha256:943b94667749d1cfcd964e215a20b9c891deae913202ee8eacaf2b94164b155f",
                "sha256:89829f5cfbcb5ad568a3d61bd23a8e33ad69b488d8f6a385e0097a4c20742a9b",
                "sha256:ba78da7c940b041cdbb5aaff5afe11e8a8f25fe19564c12eefea5c5bd86930ca",
                "sha256:a79b15b9bb4726672865cf5b0f63dee4835974a2b11b49652d70d49003f5d1f4",
                "sha256:f6799913eb510b682de971ddef062bbb4a200f190e55cae81c413bc1fd4733c1",
                "sha256:e7f5ad6b12f21b77d3a37d5c67260e464f4e9068eb0c0622f61d0e30390b31b6",
                "sha256:5f96c92d5f5713ccb71e76dfa14cf819c59ecb9778e94bcb541e13e6d96d1ce5",
                "sha256:5357b465e3d6b98972b7810f9969c913d365e75b09b7ba813f5f0577fe1ac9f4",
                "sha256:75e1de9ba7c155d89bcf67d149b1c741df553c8158536e8d27e63167403159af",
                "sha256:ab87dd91c0c4073758d07334c1e5f712ce8fe48f007b86f8238773963ee700a6"
            ],
            "markers": "platform_python_implementation != 'PyPy'",
            "version": "==1.11.2"
        },
        "channels": {
            "hashes": [
                "sha256:729bb1f8704b766b8682cf98fba7338c252d1d9fef15e8f41ffdb1a1526615e8",
                "sha256:02a82661241de0cf3bfa228cfc1e3e5c999a31215e213e6502a7ed60391c5e3f"
            ],
            "version": "==1.1.8"
        },
        "chardet": {
            "hashes": [
                "sha256:fc323ffcaeaed0e0a02bf4d117757b98aed530d9ed4531e3e15460124c106691",
                "sha256:84ab92ed1c4d4f16916e05906b6b75a6c0fb5db821cc65e70cbd64a3e2a5eaae"
            ],
            "version": "==3.0.4"
        },
        "constantly": {
            "hashes": [
                "sha256:dd2fa9d6b1a51a83f0d7dd76293d734046aa176e384bf6e33b7e44880eb37c5d",
                "sha256:586372eb92059873e29eba4f9dec8381541b4d3834660707faf8ba59146dfc35"
            ],
            "version": "==15.1.0"
        },
        "cryptography": {
            "hashes": [
                "sha256:69285f5615507b6625f89ea1048addd1d9218585fb886eb90bdebb1d2b2d26f5",
                "sha256:6cb1224da391fa90f1be524eafb375b62baf8d3df9690b32e8cc475ccfccee5e",
                "sha256:4f385ee7d39ee1ed74f1d6b1da03d0734ea82855a7b28a9e6e88c4091bc58664",
                "sha256:a5f2c681fd040ed648513939a1dd2242af19bd5e9e79e53b6dcfa33bdae61217",
                "sha256:fc2208d95d9ecc8032f5e38330d5ace2e3b0b998e42b08c30c35b2ab3a4a3bc8",
                "sha256:0d39a93cf25edeae1f796bbc5960e587f34513a852564f6345ea4491a86c5997",
                "sha256:41f94194ae78f83fd94ca94fb8ad65f92210a76a2421169ffa5c33c3ec7605f4",
                "sha256:7a2409f1564c84bcf2563d379c9b6148c5bc6b0ae46e109f6a7b4bebadf551df",
                "sha256:55555d784cfdf9033e81f044c0df04babed2aa141213765d960d233b0139e353",
                "sha256:9a47a80f65f4feaaf8415a40c339806c7d7d867152ddccc6ca87f707c8b7b565",
                "sha256:6fb22f63e17813f3d1d8e30dd1e249e2c34233ba1d3de977fd31cb5db764c7d0",
                "sha256:ee245f185fae723133511e2450be08a66c2eebb53ad27c0c19b228029f4748a5",
                "sha256:9a2945efcff84830c8e237ab037d0269380d75d400a89cc9e5628e52647e21be",
                "sha256:2cfcee8829c5dec55597826d52c26bc26e7ce39adb4771584459d0636b0b7108",
                "sha256:33b564196dcd563e309a0b07444e31611368afe3a3822160c046f5e4c3b5cdd7",
                "sha256:18d0b0fc21f39b35ea469a82584f55eeecec1f65a92d85af712c425bdef627b3",
                "sha256:d18df9cf3f3212df28d445ea82ce702c4d7a35817ef7a38ee38879ffa8f7e857",
                "sha256:b984523d28737e373c7c35c8b6db6001537609d47534892de189bebebaa42a47",
                "sha256:27a208b9600166976182351174948e128818e7fc95cbdba18143f3106a211546",
                "sha256:28e4e9a97713aa47b5ef9c5003def2eb58aec89781ef3ef82b1c2916a8b0639b",
                "sha256:a3c180d12ffb1d8ee5b33a514a5bcb2a9cc06cc89aa74038015591170c82f55d",
                "sha256:8487524a1212223ca6dc7e2c8913024618f7ff29855c98869088e3818d5f6733",
                "sha256:e4d967371c5b6b2e67855066471d844c5d52d210c36c28d49a8507b96e2c5291"
            ],
            "version": "==2.1.4"
        },
        "daphne": {
            "hashes": [
                "sha256:29e9177c0dec24a8fba334b194e5f2429def0b5d9a03373fb688b87bd32aeed9",
                "sha256:d124bb6b63c45ee7fa7fae3a966055dd16fe17336edaa7254588871ac495b5f6"
            ],
            "version": "==1.3.0"
        },
        "decorator": {
            "hashes": [
                "sha256:95a26b17806e284452bfd97fa20aa1e8cb4ee23542bda4dbac5e4562aa1642cd",
                "sha256:7cb64d38cb8002971710c8899fbdfb859a23a364b7c99dab19d1f719c2ba16b5"
            ],
            "version": "==4.1.2"
        },
        "django": {
            "hashes": [
                "sha256:c69e0c0416f2376b677830304d4c5fa8793b9c815af77be659a3c50d1f46c2e6",
                "sha256:9ef9de0a957245ed3a29c4162ed2fd493252ca249a755f9e2b4a9be82caf8f6b"
            ],
            "version": "==1.11.3"
        },
        "django-cors-headers": {
            "hashes": [
                "sha256:4e02be61ffaaab5917f1fd7cc3c305c4fb7ccd0156a649c96f49bc0a09c5f572",
                "sha256:451bc37a514792c2b46c52362368f7985985933ecdbf1a85f82652579a5cbe01"
            ],
            "version": "==2.1.0"
        },
        "django-extensions": {
            "hashes": [
                "sha256:b29373cc2dd087d978166c2183f272db77a0dace565ba6393bbffed7ce7344aa",
                "sha256:c8b39b1c929785286a5ec5f38f9c90f7481fbe51a036161d1b622e7a6abaa1d6"
            ],
            "version": "==1.8.1"
        },
        "django-model-utils": {
            "hashes": [
                "sha256:60ead1ba50e1353f38bde12ab8b4a80b6a0f825a8e53c348fe259548cbd1a312"
            ],
            "version": "==3.0.0"
        },
        "django-ses": {
            "hashes": [
                "sha256:6e4a6157cadcb72e9c6f0346baf861b49b29a0c01f628afa3a3747c3dc15cf3a",
                "sha256:399893f315d04ef0175f5cf8baac0509031052b6d45b3d905ae381a5643666c8"
            ],
            "version": "==0.8.2"
        },
        "djangorestframework": {
            "hashes": [
                "sha256:bb9d55997a71fb1c844cd84c15cbe2e87d2ec8493a685f96aa3db403760626b7",
                "sha256:6aa6aafdfb7f6152a401873ecae93aff9eb54d7a74266065347cf4de68278ae4"
            ],
            "version": "==3.6.3"
        },
        "et-xmlfile": {
            "hashes": [
                "sha256:614d9722d572f6246302c4491846d2c393c199cfa4edc9af593437691683335b"
            ],
            "version": "==1.0.1"
        },
        "geopy": {
            "hashes": [
                "sha256:5215b360f524118a468c13bf97ecbff6136a1876bf4b11d624916e9c9e0f7c17",
                "sha256:4250e5a9e9f7abb990eddf01d1491fc112755e14f76060011c607ba759a74112"
            ],
            "version": "==1.11.0"
        },
        "hyperlink": {
            "hashes": [
                "sha256:1ec8e11fb4f5b330f25864bf8cfd3133dff1a3637dfd14fa441297df15fc7cf9",
                "sha256:bc4ffdbde9bdad204d507bd8f554f16bba82dd356f6130cb16f41422909c33bc"
            ],
            "version": "==17.3.1"
        },
        "idna": {
            "hashes": [
                "sha256:cc19709fd6d0cbfed39ea875d29ba6d4e22c0cebc510a76d6302a28385e8bb70",
                "sha256:3cb5ce08046c4e3a560fc02f138d0ac63e00f8ce5901a56b32ec8b7994082aab"
            ],
            "version": "==2.5"
        },
        "incremental": {
            "hashes": [
                "sha256:717e12246dddf231a349175f48d74d93e2897244939173b01974ab6661406b9f",
                "sha256:7b751696aaf36eebfab537e458929e194460051ccad279c72b755a167eebd4b3"
            ],
            "version": "==17.5.0"
        },
        "ipdb": {
            "hashes": [
                "sha256:fffc45b615e46eb75becbd88a30c69c75e7164ecd0122f2c78579b4dfa41b8c9"
            ],
            "version": "==0.10.2"
        },
        "ipython": {
            "hashes": [
                "sha256:cd44c7f5ccb2b349ffd6ede10d8e4204c9ab1ede4a8a6c40220cfeb07069171a",
                "sha256:5c53e8ee4d4bec27879982b9f3b4aa2d6e3cfd7b26782d250fa117f85bb29814"
            ],
            "version": "==6.1.0"
        },
        "ipython-genutils": {
            "hashes": [
                "sha256:72dd37233799e619666c9f639a9da83c34013a73e8bbc79a7a6348d93c61fab8",
                "sha256:eb2e116e75ecef9d4d228fdc66af54269afa26ab4463042e33785b887c628ba8"
            ],
            "version": "==0.2.0"
        },
        "jdcal": {
            "hashes": [
                "sha256:b760160f8dc8cc51d17875c6b663fafe64be699e10ce34b6a95184b5aa0fdc9e"
            ],
            "version": "==1.3"
        },
        "jedi": {
            "hashes": [
                "sha256:96678411f2ffa444da3a5e7fdd4adc513b728a4a4617b30308be5c950722424b",
                "sha256:7abb618cac6470ebbd142e59c23daec5e6e063bfcecc8a43a037d2ab57276f4e"
            ],
            "version": "==0.10.2"
        },
        "kombu": {
            "hashes": [
                "sha256:01f0da9fe222a2183345004243d1518c0fbe5875955f1b24842f2d9c65709ade",
                "sha256:4249d9dd9dbf1fcec471d1c2def20653c9310dd1a217272d77e4844f9d5273cb"
            ],
            "version": "==4.1.0"
        },
        "msgpack-python": {
            "hashes": [
                "sha256:637b012c9ea021de7a7a75d6ff5e82cfef6694babd7e14bb9a3adcb2a5bd52f0",
                "sha256:658c1cd5dcf7786e0e7a6d523cd0c5b33f92e139e224bd73cb3a23ada618d2dc",
                "sha256:920bbbaee07ad048a4d2b4160901b19775c61ef9439f856c74509e763a326249",
                "sha256:e165006f7e3d2612f1bffe2f6f042ca317d8df724d8b72a39b14c2e46c67eaae",
                "sha256:95d70edd50e3d2f6ea1189f77190e4a0172626e7405ddd1689f3f64814447cba",
                "sha256:7e1b12ea0134460052fabcfaa0f488ec0fc21deb14832d66236fd2870757d8f1",
                "sha256:8f36890251f20d96267618cf64735759d7ef7e91bc0b86b9480547d2d1397a68",
                "sha256:1e68a277e4180baa7789be36f27f0891660205f6209f78a32282d3c422873d78",
                "sha256:f52d9f96df952369fe4adcb0506e10c1c92d47f653f601a66da2a26a7e7141ea",
                "sha256:58c9c1d7891a35bddc6ee5dbec10d347a7ae4983169c24fc5fc8a57ae792ca76",
                "sha256:1a2b19df0f03519ec7f19f826afb935b202d8979b0856c6fb3dc28955799f886"
            ],
            "version": "==0.4.8"
        },
        "nltk": {
            "hashes": [
                "sha256:2661f9971d983db314bbebd51ba770811a362c6597fd0f303bb1d3beadcb4834",
                "sha256:8a3bad9ff7f67d2828a7915c2fab93e6ca910c2015ef40799e1805fccf2354e5"
            ],
            "version": "==3.2.5"
        },
        "numpy": {
            "hashes": [
                "sha256:910e7ae5eeee8d322775187692c5c66719cd58d230fbfd57245ea3cf75716910",
                "sha256:f5c9ca457057cd5e12ddab36cded8b1f38bf1f45bf550d4ca2839b11ec57f597",
                "sha256:d29e72413b66df23c75b9b469253c823698ea2e00f58e9e0df64b7a50696e8ac",
                "sha256:539345898a4ae17421c159ae2a350901a5e6ce3da8f24168c6c67b3536e13de8",
                "sha256:929928932f91082a168e36984179deddd58f8e98822ad2f33a2955d7c4eec596",
                "sha256:62b09f3d1ea01d79c16a6642cb21599f53b9338c59971b2418a573155d2202ec",
                "sha256:c4b1914d86c43399438518a2ac8bcba2fb64dd5a18efddded3783b9daae70933",
                "sha256:6c6feb0647380db6e1d5d49ef9fb59c42240f25fb8df8b6e82ecb436c7e0621a",
                "sha256:da2f47e46d7a93b73891d1981378717dc73c6ad5cc4fd23c934bfea7847fa958",
                "sha256:4c767b6d9c9a071bb36ea34eb240ee5192fe0bc4c13be5e6c51e0350a30f7ac0",
                "sha256:b2f98838f4bbc3bf23af7e97ffcad18a2dc6bbb0726796781e02b9347af6685f",
                "sha256:11fcbed36c101a3b9c4636e791efccba82409ebbedaba938c97be8bdddd029cc",
                "sha256:8969c8f987f8bcc3e30c014532cfc20e4a8f86a50c361596e086310853adacb7",
                "sha256:2875e8055a1ea8d933b1c9d0f8714c0aa11c097bfadfcb8564c4d868fbf09a41",
                "sha256:09b87d652c03508447d0f618e1d3ae57595acd3e0f0c11ac91bf68ed7bdb3a28",
                "sha256:9cad35b911e150f00bb8080950c7e9f172714bbd0234f5ab74b4e3e2d9288b37",
                "sha256:479863de17f66810db00bccf35289555365da45d3b053ccf539b95ab3b9c24f6",
                "sha256:b162c6b044960b4ea0f42be049ce2af1d18c60f82748f0a27bd5ad182a731bf3",
                "sha256:fa656dccfa9141774440575a6e7875d08b93f4a332eb5ae40877b26bed291c01",
                "sha256:7dfa5b49fb2a080bd0d39bfbcff1177bacb14fcb28c857fd65fd0c18938935de",
                "sha256:e8e0e75db757e41463888939d26c8058b4ecd25e563c597e9119f512dc0ee1da",
                "sha256:c8dc6aa96882df6323bf9545934e37c6e05959bd789ae4b14d50509b093907aa",
                "sha256:36ee86d5adbabc4fa2643a073f93d5504bdfed37a149a3a49f4dde259f35a750"
            ],
            "version": "==1.13.3"
        },
        "openpyxl": {
            "hashes": [
                "sha256:95e007f4d121f4fd73f39a6d74a883c75e9fa9d96de91d43c1641c103c3a9b18"
            ],
            "version": "==2.4.9"
        },
        "pandas": {
            "hashes": [
                "sha256:873a404581a2e7849d7ed8190cdcee70a3f60d1bd02403b66249bfd450b93e37",
                "sha256:efbc55164e87d55feaa0c47e711b747d0e51129b4970bf2ac65b4d3d95d2c677",
                "sha256:3df408ae6fa7393355306f495c38971ba4c48500b497079013c50a0131248b17",
                "sha256:92a4fc33cfb723f9544853e0e7e907efc8b0d4666f3bb5e8defbe9f354bcda94",
                "sha256:9218563fe44c7f58465707781b3ee64d8680c5e82625b128f0dbcf32f0e123fd",
                "sha256:81c4f49575c6d5c394128180442ddbd370f495780763d4035e5ae6c14e3aa0ee",
                "sha256:b3ed1d71bdf08ab7702c2a9463f001845480f4c8a7d64af77a4cbfdadab6e625",
                "sha256:1cc76558fa3b6eaa5bd1e6290862092eb49727151ae7a05a4c7691c4fecff65a",
                "sha256:318481d4129c753c2e3f89b4c5097de869778bd58bc2c197d5a37728b8731596",
                "sha256:39c14e05aa31ae9c7ad108440967bb3e3ea4f2502de04b7f028f9b6bbe843c56",
                "sha256:25eeaa3ef515e8b57b91d9b06d2118f13f72ba05d39b9cb27d508ae29086fc20",
                "sha256:1e4d28c22eab2249248c30cbd40e1da1dfde76b0b8238c3a00b2c2febe26502e",
                "sha256:42d1d7a8e0e1c00efe5c561b3815f0d9f721b0eb4383c8a1dcaf51a449490d3f",
                "sha256:aaf5ad3fdae2787bac3f0a12e313e9ab5a38e4e35dd8c2110ccc3f6369e868bb",
                "sha256:0ce4e91be750bc9c87c5ffb19fa07c49fc53cccc2103b029d5783e2be2e33ee8",
                "sha256:9eb5659f0b1dda3c8922a2c5f5560864db8859c37cd1846a875f9d57eff9bbbf",
                "sha256:5cd5cb30e72eeaf202f0e5e180780b897570e889d2db328c689a5a263405c559"
            ],
            "version": "==0.21.0"
        },
        "pexpect": {
            "hashes": [
                "sha256:f853b52afaf3b064d29854771e2db509ef80392509bde2dd7a6ecf2dfc3f0018",
                "sha256:3d132465a75b57aa818341c6521392a06cc660feb3988d7f1074f39bd23c9a92"
            ],
            "version": "==4.2.1"
        },
        "pickleshare": {
            "hashes": [
                "sha256:c9a2541f25aeabc070f12f452e1f2a8eae2abd51e1cd19e8430402bdf4c1d8b5",
                "sha256:84a9257227dfdd6fe1b4be1319096c20eb85ff1e82c7932f36efccfe1b09737b"
            ],
            "version": "==0.7.4"
        },
        "prompt-toolkit": {
            "hashes": [
                "sha256:3f473ae040ddaa52b52f97f6b4a493cfa9f5920c255a12dc56a7d34397a398a4",
                "sha256:1df952620eccb399c53ebb359cc7d9a8d3a9538cb34c5a1344bdbeb29fbcc381",
                "sha256:858588f1983ca497f1cf4ffde01d978a3ea02b01c8a26a8bbc5cd2e66d816917"
            ],
            "version": "==1.0.15"
        },
        "psycopg2": {
            "hashes": [
                "sha256:f4cc27830081147ebca6eb729329c64b7f8e92e415733aa26705dd9f03303038",
                "sha256:34b7e41d1747b26df3baf5397949cc938261c547f3bce208ffc7826c3897d5ac",
                "sha256:2a9c4bc78922be9d34a11fc38b75bef122d44f465eaf5f2a44021f7cbda3dfd6",
                "sha256:9f9de8b5e1b0b648bf4535b721a58eaccf92f747cd8d94380171a36f18553601",
                "sha256:0c68fb507415ce022402244cffe740018c9506367fe2d6323f0b47e2544b6b36",
                "sha256:0147e990cef0332e239de711f165b2a5e6feb7c5f8583985d4a3dcac1680a782",
                "sha256:f1f6d1b0ab40e8d43e294c7a1cc6fe6d47a88225583e581c15e8bfcff04b3863",
                "sha256:18c2294c2a0a0df6bb5adfbcae50922b0e75909df8642c9286bf6b867866d181",
                "sha256:bf48be2d01f6e34e5fbd8976f7b66158a83a33b92739acd13fc1934c60b71cfb",
                "sha256:d2e98ff1546c632c29f740a938ba6e29d327ef55f3e816dd43c1e4e7d8cd369a",
                "sha256:4004e84c2846badfa1e14ba3cf5b9d7471071c872c1dd6290013c89fa2cc63b1",
                "sha256:26551d8873130b9558628c5f0288bd07b00c3f82f7dbfe0acf3cd7cd45746672",
                "sha256:304304e8efce4077621f9a14cb7e53cdacb4a14ec92f5628204bc4254d4840fb",
                "sha256:6b26f9ec7a0c5ca1b3528918caeb3c73bfceaced3fdea59d045c886cc2c43344",
                "sha256:a14bd664f4db452612688e8031fdf74da489cb042d78d49f2bbfcfa97aae135d",
                "sha256:ad0e145952e2e91aa1d80c4b9bd8ba9059f39b3538da7b1133b2ed84eb132ed3",
                "sha256:905764e8d1557e536c9fac35d412a21ad87b558e794104437bf4012a83438ed2",
                "sha256:f04d56f664108af9571d278c0ed942ecef0dd3e072fe21ac8c7497a51bfcdfba",
                "sha256:3a11a757e61e3eb5dfa334cf0ce86f9fa1919efadbb98af833eaf3bcb90d7e58",
                "sha256:ccd55766033411206d700bcd11e064081f784f256c4d4f6883dca4c3bde21ae2",
                "sha256:38ff8f65deb947a7499f24ceb5b40db24540027fdf7d927f4d2aab35fbbdd6b0",
                "sha256:3f64897312a08928e71343fedc2a3812a1c46f03025fe327e5d41e0a7be53ee9",
                "sha256:9c9fe11f87c44e83620b2273f40338e3c25fdbfd34986dddc77e840e0acd25bc",
                "sha256:32184c60b445ac9eb4a0058d54f7a5dddae6928f94dfa3683157dc5e70321212",
                "sha256:b4f24faa25232073092d246fc6118c29130c8a5bcc8fd4239edeba20fb12b24a",
                "sha256:74ee532d6068a1456d5eda254513656c716cdee0a7389c91c094c7ce3500a9c9",
                "sha256:ba6f4786262b4999f9cca420827469c88a79e1f65dabf6bb8a300518f7e11472",
                "sha256:4cae3856e9b41a4861ad32fd8a4aabc7669a0b828776bb3ce0ca29333dabf40c",
                "sha256:8f57535a377c23a78d5a8bbe929ec6977adb3e137fa42500436c784c60141613",
                "sha256:911af115bb526b3a5d2f50e05096afc05e3867f55f24532b4a70811e63deab57",
                "sha256:86c9355f5374b008c8479bc00023b295c07d508f7c3b91dbd2e74f8925b1d9c6"
            ],
            "version": "==2.7.1"
        },
        "ptyprocess": {
            "hashes": [
                "sha256:e8c43b5eee76b2083a9badde89fd1bbce6c8942d1045146e100b7b5e014f4f1a",
                "sha256:e64193f0047ad603b71f202332ab5527c5e52aa7c8b609704fc28c0dc20c4365"
            ],
            "version": "==0.5.2"
        },
        "pyasn1": {
            "hashes": [
                "sha256:f81c96761fca60d64b1c9b79ec2e40cf9495a745cf570613079ef324aeb9672b",
                "sha256:7d626683e3d792cccc608da02498aff37ab4f3dafd8905d6bf755d11f9b26b43",
                "sha256:e85895087905c65b5b594eb91f7522664c85545b147d5f4d4e7b1b07da8dcbdc",
                "sha256:5a0db897b311d265cde49615cf783f1c78613138605cdd0f907ecfa5b2aba3ee",
                "sha256:d5cd6ed995dba16fad0c521cfe31cd2d68400b53fcc2bce93326829be73ab6d1",
                "sha256:a7efe807c4b83a859e2735c692b92ed7b567cfddc4163763412920041d876c2b",
                "sha256:b5a9ca48055b9a20f6d1b3d68e38692e5431c86a0f99ea602e61294e891fee5b",
                "sha256:c07d6e587b2f928366b1f67c09bda026a3e6fcc99e80a744dc67f8fca3895626",
                "sha256:d84c2aea3cf43780e9e6a19f4e4dddee9f6976519020e64e47c57e5c7a8c3dd2",
                "sha256:758cb50abddc03e4563fd9e7f03db56e3e87b58c0bd01247360326e5c0c7ffa5",
                "sha256:0d7f6e959fe53f3960a23d73f35e1fce61348b30915b6664309ca756de7c1f89",
                "sha256:d258b0a71994f7770599835249cece1caef3c70def868c4915e6e5ca49b67d15"
            ],
            "version": "==0.4.2"
        },
        "pyasn1-modules": {
            "hashes": [
                "sha256:b1f395cae2d669e0830cb023aa86f9f283b7a9aa32317d7f80d8e78aa2745812",
                "sha256:854700bbdd01394e2ada9c1bfbd0ed9f5d0c551350dbbd023e88b11d2771ae06",
                "sha256:598a6004ec26a8ab40a39ea955068cf2a3949ad9c0030da970f2e1ca4c9f1cc9",
                "sha256:f53fe5bcebdf318f51399b250fe8325ef3a26d927f012cc0c8e0f9e9af7f9deb",
                "sha256:47fb6757ab78fe966e7c58b2030b546854f78416d653163f0ce9290cf2278e8b",
                "sha256:041e9fbafac548d095f5b6c3b328b80792f006196e15a232b731a83c93d59493",
                "sha256:0cea139045c38f84abaa803bcb4b5e8775ea12a42af10019d942f227acc426c3",
                "sha256:0cdca76a68dcb701fff58c397de0ef9922b472b1cb3ea9695ca19d03f1869787",
                "sha256:72fd8b0c11191da088147c6e4678ec53e573923ecf60b57eeac9e97433e09fc2",
                "sha256:c6747146e95d2b14cc2a8399b2b0bde3f93778f8f9ec704690d2b589c376c137",
                "sha256:0f2e50d20bc670be170966638fa0ae603f0bc9ed6ebe8e97a6d1d4cef30cc889",
                "sha256:af00ea8f2022b6287dc375b2c70f31ab5af83989fc6fe9eacd4976ce26cd7ccc"
            ],
            "version": "==0.2.1"
        },
        "pycparser": {
            "hashes": [
                "sha256:99a8ca03e29851d96616ad0404b4aad7d9ee16f25c9f9708a11faf2810f7b226"
            ],
            "version": "==2.18"
        },
        "pyenchant": {
            "hashes": [
                "sha256:69142481bb8ec780b4ece696081b93527d7f47ad5b0866e3b1288de92aeb7c44",
                "sha256:27b9c78bfcacd2b121502f56a1cad03cd71e23d416324a2738164c35a11bc904",
                "sha256:27d3307aa3d3cd413c20eb1fd977446c133cae47d7329d8f846cd3d8ddae6278",
                "sha256:a35cbf15ee8178f1a1520832c2eca02ed9b1d85a5d067c88df9ec1f0a09835a4"
            ],
            "version": "==1.6.11"
        },
        "pygments": {
            "hashes": [
                "sha256:78f3f434bcc5d6ee09020f92ba487f95ba50f1e3ef83ae96b9d5ffa1bab25c5d",
                "sha256:dbae1046def0efb574852fab9e90209b23f556367b5a320c0bcb871c77c3e8cc"
            ],
            "version": "==2.2.0"
        },
        "pyjwt": {
            "hashes": [
                "sha256:ad60a3fb9b393667864ed4b8abc9c3b570747f80bf77a113ead2fbaf0f0cedf3",
                "sha256:fd182b728d13f04c289d9b2623d09256d356c9b4a6778018001454a954d7c54b"
            ],
            "version": "==1.5.0"
        },
        "pyopenssl": {
            "hashes": [
                "sha256:07a2de1a54de07448732a81e38a55df7da109b2f47f599f8bb35b0cbec69d4bd",
                "sha256:2c10cfba46a52c0b0950118981d61e72c1e5b1aac451ca1bc77de1a679456773"
            ],
            "version": "==17.5.0"
        },
        "pysocks": {
            "hashes": [
                "sha256:18842328a4e6061f084cfba70f6950d9140ecf7418b3df7cef558ebb217bac8d",
                "sha256:d00329f27efa157db7efe3ca26fcd69033cd61f83822461ee3f8a353b48e33cf"
            ],
            "version": "==1.6.7"
        },
        "python-dateutil": {
            "hashes": [
                "sha256:95511bae634d69bc7329ba55e646499a842bc4ec342ad54a8cdb65645a0aad3c",
                "sha256:891c38b2a02f5bb1be3e4793866c8df49c7d19baabf9c1bad62547e0b4866aca"
            ],
            "version": "==2.6.1"
        },
        "pytz": {
            "hashes": [
                "sha256:c883c2d6670042c7bc1688645cac73dd2b03193d1f7a6847b6154e96890be06d",
                "sha256:03c9962afe00e503e2d96abab4e8998a0f84d4230fa57afe1e0528473698cdd9",
                "sha256:487e7d50710661116325747a9cd1744d3323f8e49748e287bc9e659060ec6bf9",
                "sha256:43f52d4c6a0be301d53ebd867de05e2926c35728b3260157d274635a0a947f1c",
                "sha256:d1d6729c85acea5423671382868627129432fba9a89ecbb248d8d1c7a9f01c67",
                "sha256:54a935085f7bf101f86b2aff75bd9672b435f51c3339db2ff616e66845f2b8f9",
                "sha256:39504670abb5dae77f56f8eb63823937ce727d7cdd0088e6909e6dcac0f89043",
                "sha256:ddc93b6d41cfb81266a27d23a79e13805d4a5521032b512643af8729041a81b4",
                "sha256:f5c056e8f62d45ba8215e5cb8f50dfccb198b4b9fbea8500674f3443e4689589"
            ],
            "version": "==2017.2"
        },
        "redis": {
            "hashes": [
                "sha256:8a1900a9f2a0a44ecf6e8b5eb3e967a9909dfed219ad66df094f27f7d6f330fb",
                "sha256:a22ca993cea2962dbb588f9f30d0015ac4afcc45bee27d3978c0dbe9e97c6c0f"
            ],
            "version": "==2.10.6"
        },
        "requests": {
            "hashes": [
                "sha256:6afd3371c1f4c1970497cdcace5c5ecbbe58267bf05ca1abd93d99d170803ab7",
                "sha256:c6f3bdf4a4323ac7b45d01e04a6f6c20e32a052cd04de81e05103abc049ad9b9"
            ],
            "version": "==2.18.1"
        },
        "requests-toolbelt": {
            "hashes": [
                "sha256:42c9c170abc2cacb78b8ab23ac957945c7716249206f90874651971a4acff237",
                "sha256:f6a531936c6fa4c6cfce1b9c10d5c4f498d16528d2a54a22ca00011205a187b5"
            ],
            "version": "==0.8.0"
        },
        "service-identity": {
            "hashes": [
                "sha256:0e76f3c042cc0f5c7e6da002cf646f59dc4023962d1d1166343ce53bdad39e17",
                "sha256:4001fbb3da19e0df22c47a06d29681a398473af4aa9d745eca525b3b2c2302ab"
            ],
            "version": "==17.0.0"
        },
        "simplegeneric": {
            "hashes": [
                "sha256:dc972e06094b9af5b855b3df4a646395e43d1c9d0d39ed345b7393560d0b9173"
            ],
            "version": "==0.8.1"
        },
        "six": {
            "hashes": [
                "sha256:0ff78c403d9bccf5a425a6d31a12aa6b47f1c21ca4dc2573a7e2f32a97335eb1",
                "sha256:105f8d68616f8248e24bf0e9372ef04d3cc10104f1980f54d57b2ce73a5ad56a"
            ],
            "version": "==1.10.0"
        },
        "textblob": {
            "hashes": [
                "sha256:d2c9a4263a8fd28cb76147938a818dc1fcbc3db46a4e35422554e29316b1038b",
                "sha256:fce0eb3fcd1a37ad70ab159090eeb2b9cb705354ca560cd8e435ae3835944d21"
            ],
            "version": "==0.13.0"
        },
        "traitlets": {
            "hashes": [
                "sha256:c6cb5e6f57c5a9bdaa40fa71ce7b4af30298fbab9ece9815b5d995ab6217c7d9",
                "sha256:9c4bd2d267b7153df9152698efb1050a5d84982d3384a37b2c1f7723ba3e7835"
            ],
            "version": "==4.3.2"
        },
        "twisted": {
            "hashes": [
                "sha256:7bc3cdfd1ca5e5b84c7936db3c2cb2feb7d5b77410e713fd346da095a3b6a1d2",
                "sha256:716805e624f9396fcc1f47e8aef68e629fd31599a74855b6e1636122c042458d",
                "sha256:0da1a7e35d5fcae37bc9c7978970b5feb3bc82822155b8654ec63925c05af75c"
            ],
            "version": "==17.9.0"
        },
        "txaio": {
            "hashes": [
                "sha256:68e2dcbb19485cd6f4d99590edb2d5cfc02993700cd9689735d3b4bd1a113646",
                "sha256:484cd6c4cdd3f6081b87188f3b2b9a36e02fba6816e8256917c4f6571b567571"
            ],
            "version": "==2.8.2"
        },
        "typing": {
            "hashes": [
                "sha256:c36dec260238e7464213dcd50d4b5ef63a507972f5780652e835d0228d0edace"
            ],
            "version": "==3.6.1"
        },
        "urllib3": {
            "hashes": [
                "sha256:8ed6d5c1ff9d6ba84677310060d6a3a78ca3072ce0684cb3c645023009c114b1",
                "sha256:b14486978518ca0901a76ba973d7821047409d7f726f22156b24e83fd71382a5"
            ],
            "version": "==1.21.1"
        },
        "vine": {
            "hashes": [
                "sha256:6849544be74ec3638e84d90bc1cf2e1e9224cc10d96cd4383ec3f69e9bce077b",
                "sha256:52116d59bc45392af9fdd3b75ed98ae48a93e822cee21e5fda249105c59a7a72"
            ],
            "version": "==1.1.4"
        },
        "wcwidth": {
            "hashes": [
                "sha256:f4ebe71925af7b40a864553f761ed559b43544f8f71746c2d756c7fe788ade7c",
                "sha256:3df37372226d6e63e1b1e1eda15c594bca98a22d33a23832a90998faa96bc65e"
            ],
            "version": "==0.1.7"
        },
        "wikipedia": {
            "hashes": [
                "sha256:db0fad1829fdd441b1852306e9856398204dc0786d2996dd2e0c8bb8e26133b2"
            ],
            "version": "==1.4.0"
        },
        "wit": {
            "hashes": [
                "sha256:094273e8691efb3d0bca9c0ec2737ae0a95efccb134974a2e4c9faad3d27585a"
            ],
            "version": "==4.3.0"
        },
        "zope.interface": {
            "hashes": [
                "sha256:9902d5fc11309e17cdce6574243dc114b9c30de5c60ab53c90f6e3e962688565",
                "sha256:4cb1c56b0356da9a33249ef77a688c47107f54191c12a0055d284b6bee7f447e",
                "sha256:ff20038fbc0e7ea050a7e28fcb8ae6ed8378a8d08ac70b848ea39960dda86bbf",
                "sha256:f6868378fffbb8651f1f8a767d17e42aed39926c8f6bb9c56f184022fe6c2090",
                "sha256:a6375035a4b45d199a8b990e3a2f6b71906c318c56dfc14b2d58350b6ca59392",
                "sha256:dec19181cf6af58ccb8ba3fa3ca9d4ec555b2f3cb31f589f6e86d15df0926c31",
                "sha256:b8f3491c9df4f0ffed32b275033e74041f420e5dcdefa4b1500d753c64ef42cf",
                "sha256:5d8813e438ab67a793b09e1223742b757dd95a4a64d466855a53cb113cc9c9c4",
                "sha256:5a8cc535f4212b134e66a3e1c6b93b19d453dbad0e2f89d0df2c01deefc8cad9",
                "sha256:bd626cd76b7e5cbecac9d3e0dd8f98e3eada15ead95713238a523f877327633d",
                "sha256:16fe824b3d93ee0629aa1f04848a1b515d6b5dc9e98cc7a04feaa35fdb0de5f1",
                "sha256:f47d4138405eb67e5f059b9ab74e0a1147adc3277f5fe37d5bae5209b67e89e7",
                "sha256:8dfdc1588db31895f81bcba6c36dc981b4cf4a526c62eae3745bbfbe102477ef",
                "sha256:88e3d54e88a601f45d03e2a062d5d16852d20e0863a92c19260ae72e2586378a",
                "sha256:3d033abd27cd54157cf42a3bfd4d8c28d7fc5c6f775df3332307d2632a79925b",
                "sha256:a21d69de2ee89fc59de93e7a43c0379ecedb5149739ff94e910c2bf0ca18e181",
                "sha256:aef398a5b92e70b8152d2c4850bad0fe185adb50d948f32d0bba5694d82b67c7",
                "sha256:11b068fc9916556f3820f38c2376c28d8e55e4a2c51c34915aaac38b75706d2e",
                "sha256:78321a6c0c8cc6ac928e44ef04d50384bc864a7f5e3c25b84110da2ede83739f",
                "sha256:4be05f79e952793f31a0c2d6a0672c81a3300315da587ce6a590357595217005",
                "sha256:1d954d557b63124a65f2247ac6ed66fa36df18d1e8538d08c9b432e808a634de",
                "sha256:a16a3e07511fb6806bb48c8c661d38cdb91cd4bc6c2b6b0b173e72362ec1ceb4",
                "sha256:d6d26d5dfbfd60c65152938fcb82f949e8dada37c041f72916fef6621ba5c5ce"
            ],
            "version": "==4.4.3"
        }
    },
    "develop": {}
}
